{
  "name": "whitehack",
  "version": "0.6.0",
  "lockfileVersion": 3,
  "requires": true,
  "packages": {
    "": {
      "name": "whitehack",
      "version": "0.6.0",
      "license": "MIT",
      "bin": {
        "whitehack": "bin/whitehack.js"
      },
      "engines": {
        "node": ">=18"
      }
    }
  }
}
